
Microsoft Visual Studio Solution File, Format Version 12.00
# Visual Studio Version 16
VisualStudioVersion = 16.0.30320.27
MinimumVisualStudioVersion = 10.0.40219.1
Project("{FAE04EC0-301F-11D3-BF4B-00C04F79EFBC}") = "ChashFeatures_Vikram", "ChashFeatures_Vikram\ChashFeatures_Vikram.csproj", "{C9B5E782-1BB2-4459-814C-CCE421ECC357}"
EndProject
Global
	GlobalSection(SolutionConfigurationPlatforms) = preSolution
		Debug|Any CPU = Debug|Any CPU
		Release|Any CPU = Release|Any CPU
	EndGlobalSection
	GlobalSection(ProjectConfigurationPlatforms) = postSolution
		{C9B5E782-1BB2-4459-814C-CCE421ECC357}.Debug|Any CPU.ActiveCfg = Debug|Any CPU
		{C9B5E782-1BB2-4459-814C-CCE421ECC357}.Debug|Any CPU.Build.0 = Debug|Any CPU
		{C9B5E782-1BB2-4459-814C-CCE421ECC357}.Release|Any CPU.ActiveCfg = Release|Any CPU
		{C9B5E782-1BB2-4459-814C-CCE421ECC357}.Release|Any CPU.Build.0 = Release|Any CPU
	EndGlobalSection
	GlobalSection(SolutionProperties) = preSolution
		HideSolutionNode = FALSE
	EndGlobalSection
	GlobalSection(ExtensibilityGlobals) = postSolution
		SolutionGuid = {BF7F2D40-E5A6-446C-83FD-F363524FE6B2}
	EndGlobalSection
EndGlobal
